
Microsoft Visual Studio Solution File, Format Version 12.00
# Visual Studio Version 16
VisualStudioVersion = 16.0.31515.178
MinimumVisualStudioVersion = 10.0.40219.1
Project("{FAE04EC0-301F-11D3-BF4B-00C04F79EFBC}") = "GoTour.Android", "GoTour\GoTour.Android\GoTour.Android.csproj", "{5869C4D3-6E3F-4881-8130-26231BC703FD}"
EndProject
Project("{FAE04EC0-301F-11D3-BF4B-00C04F79EFBC}") = "GoTour.iOS", "GoTour\GoTour.iOS\GoTour.iOS.csproj", "{0160EF41-4D8E-4E72-9BBA-4F5972CDA59B}"
EndProject
Project("{FAE04EC0-301F-11D3-BF4B-00C04F79EFBC}") = "GoTour", "GoTour\GoTour\GoTour.csproj", "{9D62F931-AA8E-45AB-9892-C75C0DCE92D0}"
EndProject
Global
	GlobalSection(SolutionConfigurationPlatforms) = preSolution
		Debug|Any CPU = Debug|Any CPU
		Debug|iPhone = Debug|iPhone
		Debug|iPhoneSimulator = Debug|iPhoneSimulator
		Release|Any CPU = Release|Any CPU
		Release|iPhone = Release|iPhone
		Release|iPhoneSimulator = Release|iPhoneSimulator
	EndGlobalSection
	GlobalSection(ProjectConfigurationPlatforms) = postSolution
		{5869C4D3-6E3F-4881-8130-26231BC703FD}.Debug|Any CPU.ActiveCfg = Debug|Any CPU
		{5869C4D3-6E3F-4881-8130-26231BC703FD}.Debug|Any CPU.Build.0 = Debug|Any CPU
		{5869C4D3-6E3F-4881-8130-26231BC703FD}.Debug|Any CPU.Deploy.0 = Debug|Any CPU
		{5869C4D3-6E3F-4881-8130-26231BC703FD}.Debug|iPhone.ActiveCfg = Debug|Any CPU
		{5869C4D3-6E3F-4881-8130-26231BC703FD}.Debug|iPhone.Build.0 = Debug|Any CPU
		{5869C4D3-6E3F-4881-8130-26231BC703FD}.Debug|iPhone.Deploy.0 = Debug|Any CPU
		{5869C4D3-6E3F-4881-8130-26231BC703FD}.Debug|iPhoneSimulator.ActiveCfg = Debug|Any CPU
		{5869C4D3-6E3F-4881-8130-26231BC703FD}.Debug|iPhoneSimulator.Build.0 = Debug|Any CPU
		{5869C4D3-6E3F-4881-8130-26231BC703FD}.Debug|iPhoneSimulator.Deploy.0 = Debug|Any CPU
		{5869C4D3-6E3F-4881-8130-26231BC703FD}.Release|Any CPU.ActiveCfg = Release|Any CPU
		{5869C4D3-6E3F-4881-8130-26231BC703FD}.Release|Any CPU.Build.0 = Release|Any CPU
		{5869C4D3-6E3F-4881-8130-26231BC703FD}.Release|Any CPU.Deploy.0 = Release|Any CPU
		{5869C4D3-6E3F-4881-8130-26231BC703FD}.Release|iPhone.ActiveCfg = Release|Any CPU
		{5869C4D3-6E3F-4881-8130-26231BC703FD}.Release|iPhone.Build.0 = Release|Any CPU
		{5869C4D3-6E3F-4881-8130-26231BC703FD}.Release|iPhone.Deploy.0 = Release|Any CPU
		{5869C4D3-6E3F-4881-8130-26231BC703FD}.Release|iPhoneSimulator.ActiveCfg = Release|Any CPU
		{5869C4D3-6E3F-4881-8130-26231BC703FD}.Release|iPhoneSimulator.Build.0 = Release|Any CPU
		{5869C4D3-6E3F-4881-8130-26231BC703FD}.Release|iPhoneSimulator.Deploy.0 = Release|Any CPU
		{0160EF41-4D8E-4E72-9BBA-4F5972CDA59B}.Debug|Any CPU.ActiveCfg = Debug|iPhone
		{0160EF41-4D8E-4E72-9BBA-4F5972CDA59B}.Debug|Any CPU.Build.0 = Debug|iPhone
		{0160EF41-4D8E-4E72-9BBA-4F5972CDA59B}.Debug|Any CPU.Deploy.0 = Debug|iPhone
		{0160EF41-4D8E-4E72-9BBA-4F5972CDA59B}.Debug|iPhone.ActiveCfg = Debug|iPhone
		{0160EF41-4D8E-4E72-9BBA-4F5972CDA59B}.Debug|iPhone.Build.0 = Debug|iPhone
		{0160EF41-4D8E-4E72-9BBA-4F5972CDA59B}.Debug|iPhone.Deploy.0 = Debug|iPhone
		{0160EF41-4D8E-4E72-9BBA-4F5972CDA59B}.Debug|iPhoneSimulator.ActiveCfg = Debug|iPhoneSimulator
		{0160EF41-4D8E-4E72-9BBA-4F5972CDA59B}.Debug|iPhoneSimulator.Build.0 = Debug|iPhoneSimulator
		{0160EF41-4D8E-4E72-9BBA-4F5972CDA59B}.Debug|iPhoneSimulator.Deploy.0 = Debug|iPhoneSimulator
		{0160EF41-4D8E-4E72-9BBA-4F5972CDA59B}.Release|Any CPU.ActiveCfg = Release|iPhoneSimulator
		{0160EF41-4D8E-4E72-9BBA-4F5972CDA59B}.Release|Any CPU.Build.0 = Release|iPhoneSimulator
		{0160EF41-4D8E-4E72-9BBA-4F5972CDA59B}.Release|Any CPU.Deploy.0 = Release|iPhoneSimulator
		{0160EF41-4D8E-4E72-9BBA-4F5972CDA59B}.Release|iPhone.ActiveCfg = Release|iPhone
		{0160EF41-4D8E-4E72-9BBA-4F5972CDA59B}.Release|iPhone.Build.0 = Release|iPhone
		{0160EF41-4D8E-4E72-9BBA-4F5972CDA59B}.Release|iPhone.Deploy.0 = Release|iPhone
		{0160EF41-4D8E-4E72-9BBA-4F5972CDA59B}.Release|iPhoneSimulator.ActiveCfg = Release|iPhoneSimulator
		{0160EF41-4D8E-4E72-9BBA-4F5972CDA59B}.Release|iPhoneSimulator.Build.0 = Release|iPhoneSimulator
		{0160EF41-4D8E-4E72-9BBA-4F5972CDA59B}.Release|iPhoneSimulator.Deploy.0 = Release|iPhoneSimulator
		{9D62F931-AA8E-45AB-9892-C75C0DCE92D0}.Debug|Any CPU.ActiveCfg = Debug|Any CPU
		{9D62F931-AA8E-45AB-9892-C75C0DCE92D0}.Debug|Any CPU.Build.0 = Debug|Any CPU
		{9D62F931-AA8E-45AB-9892-C75C0DCE92D0}.Debug|Any CPU.Deploy.0 = Debug|Any CPU
		{9D62F931-AA8E-45AB-9892-C75C0DCE92D0}.Debug|iPhone.ActiveCfg = Debug|Any CPU
		{9D62F931-AA8E-45AB-9892-C75C0DCE92D0}.Debug|iPhone.Build.0 = Debug|Any CPU
		{9D62F931-AA8E-45AB-9892-C75C0DCE92D0}.Debug|iPhone.Deploy.0 = Debug|Any CPU
		{9D62F931-AA8E-45AB-9892-C75C0DCE92D0}.Debug|iPhoneSimulator.ActiveCfg = Debug|Any CPU
		{9D62F931-AA8E-45AB-9892-C75C0DCE92D0}.Debug|iPhoneSimulator.Build.0 = Debug|Any CPU
		{9D62F931-AA8E-45AB-9892-C75C0DCE92D0}.Debug|iPhoneSimulator.Deploy.0 = Debug|Any CPU
		{9D62F931-AA8E-45AB-9892-C75C0DCE92D0}.Release|Any CPU.ActiveCfg = Release|Any CPU
		{9D62F931-AA8E-45AB-9892-C75C0DCE92D0}.Release|Any CPU.Build.0 = Release|Any CPU
		{9D62F931-AA8E-45AB-9892-C75C0DCE92D0}.Release|Any CPU.Deploy.0 = Release|Any CPU
		{9D62F931-AA8E-45AB-9892-C75C0DCE92D0}.Release|iPhone.ActiveCfg = Release|Any CPU
		{9D62F931-AA8E-45AB-9892-C75C0DCE92D0}.Release|iPhone.Build.0 = Release|Any CPU
		{9D62F931-AA8E-45AB-9892-C75C0DCE92D0}.Release|iPhone.Deploy.0 = Release|Any CPU
		{9D62F931-AA8E-45AB-9892-C75C0DCE92D0}.Release|iPhoneSimulator.ActiveCfg = Release|Any CPU
		{9D62F931-AA8E-45AB-9892-C75C0DCE92D0}.Release|iPhoneSimulator.Build.0 = Release|Any CPU
		{9D62F931-AA8E-45AB-9892-C75C0DCE92D0}.Release|iPhoneSimulator.Deploy.0 = Release|Any CPU
	EndGlobalSection
	GlobalSection(SolutionProperties) = preSolution
		HideSolutionNode = FALSE
	EndGlobalSection
	GlobalSection(ExtensibilityGlobals) = postSolution
		SolutionGuid = {3B0BED48-73A7-42B0-9A5E-254D8C990153}
	EndGlobalSection
EndGlobal
